<?xml version="1.0" encoding="utf-8"?>
<Project ToolsVersion="4.0" xmlns="http://schemas.microsoft.com/developer/msbuild/2003">
  <ItemGroup>
    <Filter Include="源文件">
      <UniqueIdentifier>{4FC737F1-C7A5-4376-A066-2A32D752A2FF}</UniqueIdentifier>
      <Extensions>cpp;c;cc;cxx;c++;cppm;ixx;def;odl;idl;hpj;bat;asm;asmx</Extensions>
    </Filter>
    <Filter Include="资源文件">
      <UniqueIdentifier>{67DA6AB6-F800-4c08-8B7A-83BB121AAD01}</UniqueIdentifier>
      <Extensions>rc;ico;cur;bmp;dlg;rc2;rct;bin;rgs;gif;jpg;jpeg;jpe;resx;tiff;tif;png;wav;mfcribbon-ms</Extensions>
    </Filter>
    <Filter Include="stdx">
      <UniqueIdentifier>{a8232b65-b093-4d9c-b98d-02f62f230e11}</UniqueIdentifier>
    </Filter>
    <Filter Include="dx12">
      <UniqueIdentifier>{425f5eca-116a-4b96-8cb4-f2d3eaca6319}</UniqueIdentifier>
    </Filter>
    <Filter Include="samples">
      <UniqueIdentifier>{a6b3e9ec-9b4e-4809-a911-71d9b9524994}</UniqueIdentifier>
    </Filter>
    <Filter Include="base">
      <UniqueIdentifier>{7891f7d3-d771-4c67-89fd-e82aab9d5eb8}</UniqueIdentifier>
    </Filter>
    <Filter Include="shaders">
      <UniqueIdentifier>{35685ed3-284c-4aad-b050-61b7fb55b8a3}</UniqueIdentifier>
    </Filter>
    <Filter Include="generated">
      <UniqueIdentifier>{6cc3a82c-15dd-46f1-86a3-af94e3173141}</UniqueIdentifier>
    </Filter>
    <Filter Include="generated\shaders">
      <UniqueIdentifier>{1057f38b-c653-4c5d-8ba4-5e07a1cfb5cb}</UniqueIdentifier>
    </Filter>
  </ItemGroup>
  <ItemGroup>
    <ClCompile Include="main.cpp">
      <Filter>源文件</Filter>
    </ClCompile>
    <ClCompile Include="main_frame.cpp">
      <Filter>源文件</Filter>
    </ClCompile>
    <ClCompile Include="display_view.cpp">
      <Filter>源文件</Filter>
    </ClCompile>
    <ClCompile Include="samples\hello_window.cpp">
      <Filter>samples</Filter>
    </ClCompile>
    <ClCompile Include="global.cpp">
      <Filter>源文件</Filter>
    </ClCompile>
    <ClCompile Include="samples\hello_triangle.cpp">
      <Filter>samples</Filter>
    </ClCompile>
    <ClCompile Include="samples\sample_factory.cpp">
      <Filter>samples</Filter>
    </ClCompile>
  </ItemGroup>
  <ItemGroup>
    <ClInclude Include="main_frame.h">
      <Filter>源文件</Filter>
    </ClInclude>
    <ClInclude Include="framework.h">
      <Filter>源文件</Filter>
    </ClInclude>
    <ClInclude Include="targetver.h">
      <Filter>源文件</Filter>
    </ClInclude>
    <ClInclude Include="global.h">
      <Filter>源文件</Filter>
    </ClInclude>
    <ClInclude Include="display_view.h">
      <Filter>源文件</Filter>
    </ClInclude>
    <ClInclude Include="tree_vew_utils.h">
      <Filter>源文件</Filter>
    </ClInclude>
    <ClInclude Include="config.h">
      <Filter>源文件</Filter>
    </ClInclude>
    <ClInclude Include="stdx\strings.hpp">
      <Filter>stdx</Filter>
    </ClInclude>
    <ClInclude Include="dx12\dx12_framework.hpp">
      <Filter>dx12</Filter>
    </ClInclude>
    <ClInclude Include="dx12\d3dx12.hpp">
      <Filter>dx12</Filter>
    </ClInclude>
    <ClInclude Include="samples\hello_window.h">
      <Filter>samples</Filter>
    </ClInclude>
    <ClInclude Include="base\com_error.hpp">
      <Filter>base</Filter>
    </ClInclude>
    <ClInclude Include="base\errors.hpp">
      <Filter>base</Filter>
    </ClInclude>
    <ClInclude Include="base\result.hpp">
      <Filter>base</Filter>
    </ClInclude>
    <ClInclude Include="dx12\dxgi_factory_creator.hpp">
      <Filter>dx12</Filter>
    </ClInclude>
    <ClInclude Include="dx12\dx_result.hpp">
      <Filter>dx12</Filter>
    </ClInclude>
    <ClInclude Include="dx12\dx_error.hpp">
      <Filter>dx12</Filter>
    </ClInclude>
    <ClInclude Include="dx12\device_factory.hpp">
      <Filter>dx12</Filter>
    </ClInclude>
    <ClInclude Include="base\exception.hpp">
      <Filter>base</Filter>
    </ClInclude>
    <ClInclude Include="base\macros.hpp">
      <Filter>base</Filter>
    </ClInclude>
    <ClInclude Include="dx12\command_queue_factory.hpp">
      <Filter>dx12</Filter>
    </ClInclude>
    <ClInclude Include="dx12\dxgi_swap_chain_factory.hpp">
      <Filter>dx12</Filter>
    </ClInclude>
    <ClInclude Include="dx12\descriptor_heap_factory.hpp">
      <Filter>dx12</Filter>
    </ClInclude>
    <ClInclude Include="dx12\dx12_factories.hpp">
      <Filter>dx12</Filter>
    </ClInclude>
    <ClInclude Include="base\unique_deleters.hpp">
      <Filter>base</Filter>
    </ClInclude>
    <ClInclude Include="samples\hello_triangle.h">
      <Filter>samples</Filter>
    </ClInclude>
    <ClInclude Include="samples\sample_base.h">
      <Filter>samples</Filter>
    </ClInclude>
    <ClInclude Include="samples\sample_common.h">
      <Filter>samples</Filter>
    </ClInclude>
    <ClInclude Include="generated\shaders\basic_ps.h">
      <Filter>generated\shaders</Filter>
    </ClInclude>
    <ClInclude Include="generated\shaders\basic_vs.h">
      <Filter>generated\shaders</Filter>
    </ClInclude>
    <ClInclude Include="dx12\root_signature_factory.hpp">
      <Filter>dx12</Filter>
    </ClInclude>
    <ClInclude Include="dx12\pipleline_state_factory.hpp">
      <Filter>dx12</Filter>
    </ClInclude>
    <ClInclude Include="samples\sample_factory.h">
      <Filter>samples</Filter>
    </ClInclude>
    <ClInclude Include="samples\samples.h">
      <Filter>samples</Filter>
    </ClInclude>
  </ItemGroup>
  <ItemGroup>
    <FxCompile Include="shaders\basic_ps.hlsl">
      <Filter>shaders</Filter>
    </FxCompile>
    <FxCompile Include="shaders\basic_vs.hlsl">
      <Filter>shaders</Filter>
    </FxCompile>
  </ItemGroup>
</Project>